
Microsoft Visual Studio Solution File, Format Version 12.00
# Visual Studio Version 16
VisualStudioVersion = 16.0.31605.320
MinimumVisualStudioVersion = 10.0.40219.1
Project("{FAE04EC0-301F-11D3-BF4B-00C04F79EFBC}") = "Ibread", "Ibread\Ibread.csproj", "{83118F38-33D0-4F12-9EAD-4E27DC30FD1F}"
EndProject
Global
	GlobalSection(SolutionConfigurationPlatforms) = preSolution
		Debug|Any CPU = Debug|Any CPU
		Release|Any CPU = Release|Any CPU
	EndGlobalSection
	GlobalSection(ProjectConfigurationPlatforms) = postSolution
		{83118F38-33D0-4F12-9EAD-4E27DC30FD1F}.Debug|Any CPU.ActiveCfg = Debug|Any CPU
		{83118F38-33D0-4F12-9EAD-4E27DC30FD1F}.Debug|Any CPU.Build.0 = Debug|Any CPU
		{83118F38-33D0-4F12-9EAD-4E27DC30FD1F}.Release|Any CPU.ActiveCfg = Release|Any CPU
		{83118F38-33D0-4F12-9EAD-4E27DC30FD1F}.Release|Any CPU.Build.0 = Release|Any CPU
	EndGlobalSection
	GlobalSection(SolutionProperties) = preSolution
		HideSolutionNode = FALSE
	EndGlobalSection
	GlobalSection(ExtensibilityGlobals) = postSolution
		SolutionGuid = {C1B953DF-7941-4AD9-812C-C4F537A6DFFF}
	EndGlobalSection
EndGlobal
